
Microsoft Visual Studio Solution File, Format Version 12.00
# Visual Studio Version 17
VisualStudioVersion = 17.10.35013.160
MinimumVisualStudioVersion = 10.0.40219.1
Project("{FAE04EC0-301F-11D3-BF4B-00C04F79EFBC}") = "DebraEventAPI", "DebraEventAPI\DebraEventAPI.csproj", "{25043697-E656-4FEC-9975-CED2E3BDF225}"
EndProject
Global
	GlobalSection(SolutionConfigurationPlatforms) = preSolution
		Debug|Any CPU = Debug|Any CPU
		Release|Any CPU = Release|Any CPU
	EndGlobalSection
	GlobalSection(ProjectConfigurationPlatforms) = postSolution
		{25043697-E656-4FEC-9975-CED2E3BDF225}.Debug|Any CPU.ActiveCfg = Debug|Any CPU
		{25043697-E656-4FEC-9975-CED2E3BDF225}.Debug|Any CPU.Build.0 = Debug|Any CPU
		{25043697-E656-4FEC-9975-CED2E3BDF225}.Release|Any CPU.ActiveCfg = Release|Any CPU
		{25043697-E656-4FEC-9975-CED2E3BDF225}.Release|Any CPU.Build.0 = Release|Any CPU
	EndGlobalSection
	GlobalSection(SolutionProperties) = preSolution
		HideSolutionNode = FALSE
	EndGlobalSection
	GlobalSection(ExtensibilityGlobals) = postSolution
		SolutionGuid = {B4365CA6-DC0A-42AE-A5F8-839E7EA6E5B7}
	EndGlobalSection
EndGlobal
